
Microsoft Visual Studio Solution File, Format Version 12.00
# Visual Studio Version 17
VisualStudioVersion = 17.13.35806.99 d17.13
MinimumVisualStudioVersion = 10.0.40219.1
Project("{FAE04EC0-301F-11D3-BF4B-00C04F79EFBC}") = "shirtsApi", "shirtsApi\shirtsApi.csproj", "{8C361724-01C7-4DC7-8822-6B110DCB7454}"
EndProject
Global
	GlobalSection(SolutionConfigurationPlatforms) = preSolution
		Debug|Any CPU = Debug|Any CPU
		Release|Any CPU = Release|Any CPU
	EndGlobalSection
	GlobalSection(ProjectConfigurationPlatforms) = postSolution
		{8C361724-01C7-4DC7-8822-6B110DCB7454}.Debug|Any CPU.ActiveCfg = Debug|Any CPU
		{8C361724-01C7-4DC7-8822-6B110DCB7454}.Debug|Any CPU.Build.0 = Debug|Any CPU
		{8C361724-01C7-4DC7-8822-6B110DCB7454}.Release|Any CPU.ActiveCfg = Release|Any CPU
		{8C361724-01C7-4DC7-8822-6B110DCB7454}.Release|Any CPU.Build.0 = Release|Any CPU
	EndGlobalSection
	GlobalSection(SolutionProperties) = preSolution
		HideSolutionNode = FALSE
	EndGlobalSection
	GlobalSection(ExtensibilityGlobals) = postSolution
		SolutionGuid = {1C9FA79E-CB06-472A-B2D5-9C26ABBFF38B}
	EndGlobalSection
EndGlobal
